
Microsoft Visual Studio Solution File, Format Version 12.00
# Visual Studio Version 16
VisualStudioVersion = 16.0.30204.135
MinimumVisualStudioVersion = 10.0.40219.1
Project("{9A19103F-16F7-4668-BE54-9A1E7A4F7556}") = "PrismSample", "PrismSample\PrismSample.csproj", "{59F4F577-F474-4924-BA64-8BB3A60D0168}"
	ProjectSection(ProjectDependencies) = postProject
		{006664A8-3DF1-4881-8E8E-D29FC34CF226} = {006664A8-3DF1-4881-8E8E-D29FC34CF226}
	EndProjectSection
EndProject
Project("{9A19103F-16F7-4668-BE54-9A1E7A4F7556}") = "ModuleSample", "ModuleSample\ModuleSample.csproj", "{006664A8-3DF1-4881-8E8E-D29FC34CF226}"
EndProject
Project("{9A19103F-16F7-4668-BE54-9A1E7A4F7556}") = "NoDiModels", "NoDiModels\NoDiModels.csproj", "{24836487-42E2-4656-A565-08034469C0A6}"
EndProject
Project("{9A19103F-16F7-4668-BE54-9A1E7A4F7556}") = "NoDiContainerModels", "NoDiContainerModels\NoDiContainerModels.csproj", "{1F459B68-1FC6-4798-A9F7-17BC97F694F2}"
EndProject
Project("{9A19103F-16F7-4668-BE54-9A1E7A4F7556}") = "SampleModels", "SampleModels\SampleModels.csproj", "{A1022570-CBEC-4EF3-9B19-95B64CF2FC29}"
EndProject
Project("{9A19103F-16F7-4668-BE54-9A1E7A4F7556}") = "SampleDataAccess", "SampleDataAccess\SampleDataAccess.csproj", "{8050B749-A72F-4BB2-972A-2DF64F0A05EF}"
EndProject
Project("{9A19103F-16F7-4668-BE54-9A1E7A4F7556}") = "SampleDataAccesInterfaces", "SampleDataAccesInterfaces\SampleDataAccesInterfaces.csproj", "{EEB0AE4D-85E6-489C-ABDA-B35415AB9052}"
EndProject
Project("{9A19103F-16F7-4668-BE54-9A1E7A4F7556}") = "SampleAppLogics", "SampleAppLogics\SampleAppLogics.csproj", "{1A488AFE-DF85-4DDE-9D99-A401CC39BF42}"
	ProjectSection(ProjectDependencies) = postProject
		{8050B749-A72F-4BB2-972A-2DF64F0A05EF} = {8050B749-A72F-4BB2-972A-2DF64F0A05EF}
		{EEB0AE4D-85E6-489C-ABDA-B35415AB9052} = {EEB0AE4D-85E6-489C-ABDA-B35415AB9052}
	EndProjectSection
EndProject
Global
	GlobalSection(SolutionConfigurationPlatforms) = preSolution
		Debug|Any CPU = Debug|Any CPU
		Release|Any CPU = Release|Any CPU
	EndGlobalSection
	GlobalSection(ProjectConfigurationPlatforms) = postSolution
		{59F4F577-F474-4924-BA64-8BB3A60D0168}.Debug|Any CPU.ActiveCfg = Debug|Any CPU
		{59F4F577-F474-4924-BA64-8BB3A60D0168}.Debug|Any CPU.Build.0 = Debug|Any CPU
		{59F4F577-F474-4924-BA64-8BB3A60D0168}.Release|Any CPU.ActiveCfg = Release|Any CPU
		{59F4F577-F474-4924-BA64-8BB3A60D0168}.Release|Any CPU.Build.0 = Release|Any CPU
		{006664A8-3DF1-4881-8E8E-D29FC34CF226}.Debug|Any CPU.ActiveCfg = Debug|Any CPU
		{006664A8-3DF1-4881-8E8E-D29FC34CF226}.Debug|Any CPU.Build.0 = Debug|Any CPU
		{006664A8-3DF1-4881-8E8E-D29FC34CF226}.Release|Any CPU.ActiveCfg = Release|Any CPU
		{006664A8-3DF1-4881-8E8E-D29FC34CF226}.Release|Any CPU.Build.0 = Release|Any CPU
		{24836487-42E2-4656-A565-08034469C0A6}.Debug|Any CPU.ActiveCfg = Debug|Any CPU
		{24836487-42E2-4656-A565-08034469C0A6}.Debug|Any CPU.Build.0 = Debug|Any CPU
		{24836487-42E2-4656-A565-08034469C0A6}.Release|Any CPU.ActiveCfg = Release|Any CPU
		{24836487-42E2-4656-A565-08034469C0A6}.Release|Any CPU.Build.0 = Release|Any CPU
		{1F459B68-1FC6-4798-A9F7-17BC97F694F2}.Debug|Any CPU.ActiveCfg = Debug|Any CPU
		{1F459B68-1FC6-4798-A9F7-17BC97F694F2}.Debug|Any CPU.Build.0 = Debug|Any CPU
		{1F459B68-1FC6-4798-A9F7-17BC97F694F2}.Release|Any CPU.ActiveCfg = Release|Any CPU
		{1F459B68-1FC6-4798-A9F7-17BC97F694F2}.Release|Any CPU.Build.0 = Release|Any CPU
		{A1022570-CBEC-4EF3-9B19-95B64CF2FC29}.Debug|Any CPU.ActiveCfg = Debug|Any CPU
		{A1022570-CBEC-4EF3-9B19-95B64CF2FC29}.Debug|Any CPU.Build.0 = Debug|Any CPU
		{A1022570-CBEC-4EF3-9B19-95B64CF2FC29}.Release|Any CPU.ActiveCfg = Release|Any CPU
		{A1022570-CBEC-4EF3-9B19-95B64CF2FC29}.Release|Any CPU.Build.0 = Release|Any CPU
		{8050B749-A72F-4BB2-972A-2DF64F0A05EF}.Debug|Any CPU.ActiveCfg = Debug|Any CPU
		{8050B749-A72F-4BB2-972A-2DF64F0A05EF}.Debug|Any CPU.Build.0 = Debug|Any CPU
		{8050B749-A72F-4BB2-972A-2DF64F0A05EF}.Release|Any CPU.ActiveCfg = Release|Any CPU
		{8050B749-A72F-4BB2-972A-2DF64F0A05EF}.Release|Any CPU.Build.0 = Release|Any CPU
		{EEB0AE4D-85E6-489C-ABDA-B35415AB9052}.Debug|Any CPU.ActiveCfg = Debug|Any CPU
		{EEB0AE4D-85E6-489C-ABDA-B35415AB9052}.Debug|Any CPU.Build.0 = Debug|Any CPU
		{EEB0AE4D-85E6-489C-ABDA-B35415AB9052}.Release|Any CPU.ActiveCfg = Release|Any CPU
		{EEB0AE4D-85E6-489C-ABDA-B35415AB9052}.Release|Any CPU.Build.0 = Release|Any CPU
		{1A488AFE-DF85-4DDE-9D99-A401CC39BF42}.Debug|Any CPU.ActiveCfg = Debug|Any CPU
		{1A488AFE-DF85-4DDE-9D99-A401CC39BF42}.Debug|Any CPU.Build.0 = Debug|Any CPU
		{1A488AFE-DF85-4DDE-9D99-A401CC39BF42}.Release|Any CPU.ActiveCfg = Release|Any CPU
		{1A488AFE-DF85-4DDE-9D99-A401CC39BF42}.Release|Any CPU.Build.0 = Release|Any CPU
	EndGlobalSection
	GlobalSection(SolutionProperties) = preSolution
		HideSolutionNode = FALSE
	EndGlobalSection
	GlobalSection(ExtensibilityGlobals) = postSolution
		SolutionGuid = {7956AA70-01D0-4337-A878-C74BF3997D74}
	EndGlobalSection
EndGlobal
