
Microsoft Visual Studio Solution File, Format Version 12.00
# Visual Studio Version 16
VisualStudioVersion = 16.0.31112.23
MinimumVisualStudioVersion = 10.0.40219.1
Project("{9A19103F-16F7-4668-BE54-9A1E7A4F7556}") = "ListBoxPages", "ListBoxPages\ListBoxPages.csproj", "{7DFC0D4B-BC85-4439-9FE9-C4496F040E42}"
EndProject
Project("{9A19103F-16F7-4668-BE54-9A1E7A4F7556}") = "ListBoxBindingSamle", "ListBoxBindingSamle\ListBoxBindingSamle.csproj", "{18AAE0BB-47AD-4627-B0C3-88A15B4059EF}"
EndProject
Project("{9A19103F-16F7-4668-BE54-9A1E7A4F7556}") = "SampleModels", "SampleModels\SampleModels.csproj", "{E28E3262-CA17-4134-95D7-65CC6B861D4A}"
EndProject
Project("{FAE04EC0-301F-11D3-BF4B-00C04F79EFBC}") = "elfViewsLib", "elfViewsLib\elfViewsLib.csproj", "{CC95B728-82CA-4E7E-A634-71BA154F296D}"
EndProject
Project("{FAE04EC0-301F-11D3-BF4B-00C04F79EFBC}") = "elfConverterAttributes", "elfConverterAttributes\elfConverterAttributes.csproj", "{D687AE9F-88F5-4E47-BBD0-4DCB72443CB6}"
EndProject
Global
	GlobalSection(SolutionConfigurationPlatforms) = preSolution
		Debug|Any CPU = Debug|Any CPU
		Release|Any CPU = Release|Any CPU
	EndGlobalSection
	GlobalSection(ProjectConfigurationPlatforms) = postSolution
		{7DFC0D4B-BC85-4439-9FE9-C4496F040E42}.Debug|Any CPU.ActiveCfg = Debug|Any CPU
		{7DFC0D4B-BC85-4439-9FE9-C4496F040E42}.Debug|Any CPU.Build.0 = Debug|Any CPU
		{7DFC0D4B-BC85-4439-9FE9-C4496F040E42}.Release|Any CPU.ActiveCfg = Release|Any CPU
		{7DFC0D4B-BC85-4439-9FE9-C4496F040E42}.Release|Any CPU.Build.0 = Release|Any CPU
		{18AAE0BB-47AD-4627-B0C3-88A15B4059EF}.Debug|Any CPU.ActiveCfg = Debug|Any CPU
		{18AAE0BB-47AD-4627-B0C3-88A15B4059EF}.Debug|Any CPU.Build.0 = Debug|Any CPU
		{18AAE0BB-47AD-4627-B0C3-88A15B4059EF}.Release|Any CPU.ActiveCfg = Release|Any CPU
		{18AAE0BB-47AD-4627-B0C3-88A15B4059EF}.Release|Any CPU.Build.0 = Release|Any CPU
		{E28E3262-CA17-4134-95D7-65CC6B861D4A}.Debug|Any CPU.ActiveCfg = Debug|Any CPU
		{E28E3262-CA17-4134-95D7-65CC6B861D4A}.Debug|Any CPU.Build.0 = Debug|Any CPU
		{E28E3262-CA17-4134-95D7-65CC6B861D4A}.Release|Any CPU.ActiveCfg = Release|Any CPU
		{E28E3262-CA17-4134-95D7-65CC6B861D4A}.Release|Any CPU.Build.0 = Release|Any CPU
		{CC95B728-82CA-4E7E-A634-71BA154F296D}.Debug|Any CPU.ActiveCfg = Debug|Any CPU
		{CC95B728-82CA-4E7E-A634-71BA154F296D}.Debug|Any CPU.Build.0 = Debug|Any CPU
		{CC95B728-82CA-4E7E-A634-71BA154F296D}.Release|Any CPU.ActiveCfg = Release|Any CPU
		{CC95B728-82CA-4E7E-A634-71BA154F296D}.Release|Any CPU.Build.0 = Release|Any CPU
		{D687AE9F-88F5-4E47-BBD0-4DCB72443CB6}.Debug|Any CPU.ActiveCfg = Debug|Any CPU
		{D687AE9F-88F5-4E47-BBD0-4DCB72443CB6}.Debug|Any CPU.Build.0 = Debug|Any CPU
		{D687AE9F-88F5-4E47-BBD0-4DCB72443CB6}.Release|Any CPU.ActiveCfg = Release|Any CPU
		{D687AE9F-88F5-4E47-BBD0-4DCB72443CB6}.Release|Any CPU.Build.0 = Release|Any CPU
	EndGlobalSection
	GlobalSection(SolutionProperties) = preSolution
		HideSolutionNode = FALSE
	EndGlobalSection
	GlobalSection(ExtensibilityGlobals) = postSolution
		SolutionGuid = {7ABDC35B-3A6C-4464-8E8C-F8C80AE9B2F3}
	EndGlobalSection
EndGlobal
